
Microsoft Visual Studio Solution File, Format Version 12.00
# Visual Studio Version 17
VisualStudioVersion = 17.14.36414.22 d17.14
MinimumVisualStudioVersion = 10.0.40219.1
Project("{FAE04EC0-301F-11D3-BF4B-00C04F79EFBC}") = "VirgulaBot", "VirgulaBot.csproj", "{06046388-82D0-49F0-90D8-4FF140F50A75}"
EndProject
Global
	GlobalSection(SolutionConfigurationPlatforms) = preSolution
		Debug|Any CPU = Debug|Any CPU
		Release|Any CPU = Release|Any CPU
	EndGlobalSection
	GlobalSection(ProjectConfigurationPlatforms) = postSolution
		{06046388-82D0-49F0-90D8-4FF140F50A75}.Debug|Any CPU.ActiveCfg = Debug|Any CPU
		{06046388-82D0-49F0-90D8-4FF140F50A75}.Debug|Any CPU.Build.0 = Debug|Any CPU
		{06046388-82D0-49F0-90D8-4FF140F50A75}.Release|Any CPU.ActiveCfg = Release|Any CPU
		{06046388-82D0-49F0-90D8-4FF140F50A75}.Release|Any CPU.Build.0 = Release|Any CPU
	EndGlobalSection
	GlobalSection(SolutionProperties) = preSolution
		HideSolutionNode = FALSE
	EndGlobalSection
	GlobalSection(ExtensibilityGlobals) = postSolution
		SolutionGuid = {A2814575-DED8-4B56-BAED-74A3666B51D2}
	EndGlobalSection
EndGlobal
